
Microsoft Visual Studio Solution File, Format Version 12.00
Project("{FAE04EC0-301F-11D3-BF4B-00C04F79EFBC}") = "Views", "Views\Views.csproj", "{77C6FC17-3B31-497D-8A03-C9A6D32260A5}"
EndProject
Project("{FAE04EC0-301F-11D3-BF4B-00C04F79EFBC}") = "Models", "Models\Models.csproj", "{A9AE155B-BD34-45AA-8984-90D69B648E86}"
EndProject
Project("{FAE04EC0-301F-11D3-BF4B-00C04F79EFBC}") = "Data", "Data\Data.csproj", "{7E198455-90D7-4A1D-94E2-6AB94CAB9597}"
EndProject
Global
	GlobalSection(SolutionConfigurationPlatforms) = preSolution
		Debug|Any CPU = Debug|Any CPU
		Release|Any CPU = Release|Any CPU
	EndGlobalSection
	GlobalSection(ProjectConfigurationPlatforms) = postSolution
		{77C6FC17-3B31-497D-8A03-C9A6D32260A5}.Debug|Any CPU.ActiveCfg = Debug|Any CPU
		{77C6FC17-3B31-497D-8A03-C9A6D32260A5}.Debug|Any CPU.Build.0 = Debug|Any CPU
		{77C6FC17-3B31-497D-8A03-C9A6D32260A5}.Release|Any CPU.ActiveCfg = Release|Any CPU
		{77C6FC17-3B31-497D-8A03-C9A6D32260A5}.Release|Any CPU.Build.0 = Release|Any CPU
		{A9AE155B-BD34-45AA-8984-90D69B648E86}.Debug|Any CPU.ActiveCfg = Debug|Any CPU
		{A9AE155B-BD34-45AA-8984-90D69B648E86}.Debug|Any CPU.Build.0 = Debug|Any CPU
		{A9AE155B-BD34-45AA-8984-90D69B648E86}.Release|Any CPU.ActiveCfg = Release|Any CPU
		{A9AE155B-BD34-45AA-8984-90D69B648E86}.Release|Any CPU.Build.0 = Release|Any CPU
		{7E198455-90D7-4A1D-94E2-6AB94CAB9597}.Debug|Any CPU.ActiveCfg = Debug|Any CPU
		{7E198455-90D7-4A1D-94E2-6AB94CAB9597}.Debug|Any CPU.Build.0 = Debug|Any CPU
		{7E198455-90D7-4A1D-94E2-6AB94CAB9597}.Release|Any CPU.ActiveCfg = Release|Any CPU
		{7E198455-90D7-4A1D-94E2-6AB94CAB9597}.Release|Any CPU.Build.0 = Release|Any CPU
	EndGlobalSection
EndGlobal
